github.com/BurntSushi/xgb v0.0.0-20201008132610-5f9e7b3c49cd h1:u7K2oMFMd8APDV3fM1j2rO3U/XJf1g1qC3DDTKou8iM=
github.com/BurntSushi/xgb v0.0.0-20201008132610-5f9e7b3c49cd/go.mod h1:IVnqGOEym/WlBOVXweHU+Q+/VP0lqqI8lqeDx9IjBqo=
github.com/gen2brain/dlgs v0.0.0-20201118155338-03fe7f81ad25 h1:x2nGRhm8HbvCAS4TN6TfsXu3iWTXsuNNfVCNPByyKMc=
github.com/gen2brain/dlgs v0.0.0-20201118155338-03fe7f81ad25/go.mod h1:/eFcjDXaU2THSOOqLxOPETIbHETnamk8FA/hMjhg/gU=
github.com/gen2brain/shm v0.0.0-20200228170931-49f9650110c5 h1:Y5Q2mEwfzjMt5+3u70Gtw93ZOu2UuPeeeTBDntF7FoY=
github.com/gen2brain/shm v0.0.0-20200228170931-49f9650110c5/go.mod h1:uF6rMu/1nvu+5DpiRLwusA6xB8zlkNoGzKn8lmYONUo=
github.com/gopherjs/gopherjs v0.0.0-20200217142428-fce0ec30dd00 h1:l5lAOZEym3oK3SQ2HBHWsJUfbNBiTXJDeW2QDxw9AQ0=
github.com/gopherjs/gopherjs v0.0.0-20200217142428-fce0ec30dd00/go.mod h1:wJfORRmW1u3UXTncJ5qlYoELFm8eSnnEO6hX4iZ3EWY=
github.com/jsummers/gobmp v0.0.0-20151104160322-e2ba15ffa76e h1:LvL4XsI70QxOGHed6yhQtAU34Kx3Qq2wwBzGFKY8zKk=
github.com/jsummers/gobmp v0.0.0-20151104160322-e2ba15ffa76e/go.mod h1:kLgvv7o6UM+0QSf0QjAse3wReFDsb9qbZJdfexWlrQw=
github.com/kbinani/screenshot v0.0.0-20191211154542-3a185f1ce18f h1:5hWo+DzJQSOBl6X+TDac0SPWffRonuRJ2///OYtYRT8=
github.com/kbinani/screenshot v0.0.0-20191211154542-3a185f1ce18f/go.mod h1:f8GY5V3lRzakvEyr49P7hHRYoHtPr8zvj/7JodCoRzw=
github.com/lxn/win v0.0.0-20201111105847-2a20daff6a55 h1:4BxFx5XCtXc+nFtXDGDW+Uu5sPtsAbvPh6RObj3fG9o=
github.com/lxn/win v0.0.0-20201111105847-2a20daff6a55/go.mod h1:KxxjdtRkfNoYDCUP5ryK7XJJNTnpC8atvtmTheChOtk=
github.com/pkg/errors v0.9.1 h1:FEBLx1zS214owpjy7qsBeixbURkuhQAwrK5UwLGTwt4=
github.com/pkg/errors v0.9.1/go.mod h1:bwawxfHBFNV+L2hUp1rHADufV3IMtnDRdf1r5NINEl0=
github.com/sudot/trayhost v1.0.0 h1:1hgZbhbgECUSMSguH6tyRD+KPmSCZ0fz8zRrsOMXnrw=
github.com/sudot/trayhost v1.0.0/go.mod h1:zRA6/qMS6MwKg41jvgDQ2xXLEWmuMEB1Is6TGByo+UM=
golang.org/x/sys v0.0.0-20201018230417-eeed37f84f13 h1:5jaG59Zhd+8ZXe8C+lgiAGqkOaZBruqrWclLkgAww34=
golang.org/x/sys v0.0.0-20201018230417-eeed37f84f13/go.mod h1:h1NjWce9XRLGQEsW7wpKNCjG9DtNlClVuFLEZdDNbEs=
gopkg.in/alexcesaro/quotedprintable.v3 v3.0.0-20150716171945-2caba252f4dc h1:2gGKlE2+asNV9m7xrywl36YYNnBG5ZQ0r/BOOxqPpmk=
gopkg.in/alexcesaro/quotedprintable.v3 v3.0.0-20150716171945-2caba252f4dc/go.mod h1:m7x9LTH6d71AHyAX77c9yqWCCa3UKHcVEj9y7hAtKDk=
gopkg.in/gomail.v2 v2.0.0-20160411212932-81ebce5c23df h1:n7WqCuqOuCbNr617RXOY0AWRXxgwEyPp2z+p0+hgMuE=
gopkg.in/gomail.v2 v2.0.0-20160411212932-81ebce5c23df/go.mod h1:LRQQ+SO6ZHR7tOkpBDuZnXENFzX8qRjMDMyPD6BRkCw=
